
Microsoft Visual Studio Solution File, Format Version 12.00
# Visual Studio Version 17
VisualStudioVersion = 17.1.32210.238
MinimumVisualStudioVersion = 15.0.26430.12
Project("{9A19103F-16F7-4668-BE54-9A1E7A4F7556}") = "NServiceBus.DataBus.AzureBlobStorage", "DataBus\NServiceBus.DataBus.AzureBlobStorage.csproj", "{FB6302D6-25DC-470D-876E-D36EF81AFC97}"
EndProject
Project("{9A19103F-16F7-4668-BE54-9A1E7A4F7556}") = "NServiceBus.DataBus.AzureBlobStorage.Tests", "Tests\NServiceBus.DataBus.AzureBlobStorage.Tests.csproj", "{2A5ACF6D-0358-4F1E-BEE1-9BD2D267843C}"
EndProject
Project("{9A19103F-16F7-4668-BE54-9A1E7A4F7556}") = "NServiceBus.ClaimCheck.AzureBlobStorage.AcceptanceTests", "AcceptanceTests\NServiceBus.ClaimCheck.AzureBlobStorage.AcceptanceTests.csproj", "{30D8D310-671A-4C18-B0D7-1F16F46A5C83}"
EndProject
Project("{2150E333-8FDC-42A3-9474-1A3956D46DE8}") = "Solution Items", "Solution Items", "{9CF39E87-655A-45D8-A274-024832E43E36}"
	ProjectSection(SolutionItems) = preProject
		..\.github\workflows\ci.yml = ..\.github\workflows\ci.yml
		Custom.Build.props = Custom.Build.props
		..\.github\workflows\release.yml = ..\.github\workflows\release.yml
	EndProjectSection
EndProject
Global
	GlobalSection(SolutionConfigurationPlatforms) = preSolution
		Debug|Any CPU = Debug|Any CPU
		Release|Any CPU = Release|Any CPU
	EndGlobalSection
	GlobalSection(ProjectConfigurationPlatforms) = postSolution
		{FB6302D6-25DC-470D-876E-D36EF81AFC97}.Debug|Any CPU.ActiveCfg = Debug|Any CPU
		{FB6302D6-25DC-470D-876E-D36EF81AFC97}.Debug|Any CPU.Build.0 = Debug|Any CPU
		{FB6302D6-25DC-470D-876E-D36EF81AFC97}.Release|Any CPU.ActiveCfg = Release|Any CPU
		{FB6302D6-25DC-470D-876E-D36EF81AFC97}.Release|Any CPU.Build.0 = Release|Any CPU
		{2A5ACF6D-0358-4F1E-BEE1-9BD2D267843C}.Debug|Any CPU.ActiveCfg = Debug|Any CPU
		{2A5ACF6D-0358-4F1E-BEE1-9BD2D267843C}.Debug|Any CPU.Build.0 = Debug|Any CPU
		{2A5ACF6D-0358-4F1E-BEE1-9BD2D267843C}.Release|Any CPU.ActiveCfg = Release|Any CPU
		{2A5ACF6D-0358-4F1E-BEE1-9BD2D267843C}.Release|Any CPU.Build.0 = Release|Any CPU
		{30D8D310-671A-4C18-B0D7-1F16F46A5C83}.Debug|Any CPU.ActiveCfg = Debug|Any CPU
		{30D8D310-671A-4C18-B0D7-1F16F46A5C83}.Debug|Any CPU.Build.0 = Debug|Any CPU
		{30D8D310-671A-4C18-B0D7-1F16F46A5C83}.Release|Any CPU.ActiveCfg = Release|Any CPU
		{30D8D310-671A-4C18-B0D7-1F16F46A5C83}.Release|Any CPU.Build.0 = Release|Any CPU
	EndGlobalSection
	GlobalSection(SolutionProperties) = preSolution
		HideSolutionNode = FALSE
	EndGlobalSection
	GlobalSection(ExtensibilityGlobals) = postSolution
		SolutionGuid = {8CCDC9BC-BF1F-44D9-B44B-5188892DFA67}
	EndGlobalSection
EndGlobal
